
Microsoft Visual Studio Solution File, Format Version 12.00
# Visual Studio Version 16
VisualStudioVersion = 16.0.31105.61
MinimumVisualStudioVersion = 10.0.40219.1
Project("{9A19103F-16F7-4668-BE54-9A1E7A4F7556}") = "RaptorSDR.Server.Common", "RaptorSDR.Server.Common\RaptorSDR.Server.Common.csproj", "{E0A3E3EC-8EEF-4104-9DFF-4D057403008D}"
EndProject
Project("{9A19103F-16F7-4668-BE54-9A1E7A4F7556}") = "RaptorSDR.Server.Core", "RaptorSDR.Server.Core\RaptorSDR.Server.Core.csproj", "{6900B054-045E-4792-85BE-848A2EC41FF5}"
EndProject
Project("{2150E333-8FDC-42A3-9474-1A3956D46DE8}") = "Util", "Util", "{C73BA599-0EAE-48F9-9B32-3DE0F958551D}"
EndProject
Project("{9A19103F-16F7-4668-BE54-9A1E7A4F7556}") = "RaptorPluginUtil", "RaptorPluginUtil\RaptorPluginUtil.csproj", "{F1B3A881-A57D-44D6-9658-04416ABF43D4}"
EndProject
Project("{9A19103F-16F7-4668-BE54-9A1E7A4F7556}") = "RaptorSDR.Server", "RaptorSDR.Server\RaptorSDR.Server.csproj", "{0C2E5CED-8EEB-46A1-A627-1A23C474BA9B}"
EndProject
Project("{2150E333-8FDC-42A3-9474-1A3956D46DE8}") = "Lib", "Lib", "{30DC2E0F-AAD7-4123-873B-F6FA3D3EBE46}"
EndProject
Project("{9A19103F-16F7-4668-BE54-9A1E7A4F7556}") = "RomanPort.LibSDR", "..\lib\LibSDR\RomanPort.LibSDR\RomanPort.LibSDR.csproj", "{8F253378-0F44-4428-BD40-1624BB297136}"
EndProject
Project("{FAE04EC0-301F-11D3-BF4B-00C04F79EFBC}") = "RdsPiChartGenerator", "RdsPiChartGenerator\RdsPiChartGenerator.csproj", "{9E6C03A3-84D5-48B4-ACA7-6DF17E0E46FA}"
EndProject
Global
	GlobalSection(SolutionConfigurationPlatforms) = preSolution
		Debug|Any CPU = Debug|Any CPU
		Debug|x86 = Debug|x86
		Release|Any CPU = Release|Any CPU
		Release|x86 = Release|x86
	EndGlobalSection
	GlobalSection(ProjectConfigurationPlatforms) = postSolution
		{E0A3E3EC-8EEF-4104-9DFF-4D057403008D}.Debug|Any CPU.ActiveCfg = Debug|Any CPU
		{E0A3E3EC-8EEF-4104-9DFF-4D057403008D}.Debug|Any CPU.Build.0 = Debug|Any CPU
		{E0A3E3EC-8EEF-4104-9DFF-4D057403008D}.Debug|x86.ActiveCfg = Debug|Any CPU
		{E0A3E3EC-8EEF-4104-9DFF-4D057403008D}.Debug|x86.Build.0 = Debug|Any CPU
		{E0A3E3EC-8EEF-4104-9DFF-4D057403008D}.Release|Any CPU.ActiveCfg = Release|Any CPU
		{E0A3E3EC-8EEF-4104-9DFF-4D057403008D}.Release|Any CPU.Build.0 = Release|Any CPU
		{E0A3E3EC-8EEF-4104-9DFF-4D057403008D}.Release|x86.ActiveCfg = Release|Any CPU
		{E0A3E3EC-8EEF-4104-9DFF-4D057403008D}.Release|x86.Build.0 = Release|Any CPU
		{6900B054-045E-4792-85BE-848A2EC41FF5}.Debug|Any CPU.ActiveCfg = Debug|Any CPU
		{6900B054-045E-4792-85BE-848A2EC41FF5}.Debug|Any CPU.Build.0 = Debug|Any CPU
		{6900B054-045E-4792-85BE-848A2EC41FF5}.Debug|x86.ActiveCfg = Debug|Any CPU
		{6900B054-045E-4792-85BE-848A2EC41FF5}.Debug|x86.Build.0 = Debug|Any CPU
		{6900B054-045E-4792-85BE-848A2EC41FF5}.Release|Any CPU.ActiveCfg = Release|Any CPU
		{6900B054-045E-4792-85BE-848A2EC41FF5}.Release|Any CPU.Build.0 = Release|Any CPU
		{6900B054-045E-4792-85BE-848A2EC41FF5}.Release|x86.ActiveCfg = Release|Any CPU
		{6900B054-045E-4792-85BE-848A2EC41FF5}.Release|x86.Build.0 = Release|Any CPU
		{F1B3A881-A57D-44D6-9658-04416ABF43D4}.Debug|Any CPU.ActiveCfg = Debug|Any CPU
		{F1B3A881-A57D-44D6-9658-04416ABF43D4}.Debug|Any CPU.Build.0 = Debug|Any CPU
		{F1B3A881-A57D-44D6-9658-04416ABF43D4}.Debug|x86.ActiveCfg = Debug|Any CPU
		{F1B3A881-A57D-44D6-9658-04416ABF43D4}.Debug|x86.Build.0 = Debug|Any CPU
		{F1B3A881-A57D-44D6-9658-04416ABF43D4}.Release|Any CPU.ActiveCfg = Release|Any CPU
		{F1B3A881-A57D-44D6-9658-04416ABF43D4}.Release|Any CPU.Build.0 = Release|Any CPU
		{F1B3A881-A57D-44D6-9658-04416ABF43D4}.Release|x86.ActiveCfg = Release|Any CPU
		{F1B3A881-A57D-44D6-9658-04416ABF43D4}.Release|x86.Build.0 = Release|Any CPU
		{0C2E5CED-8EEB-46A1-A627-1A23C474BA9B}.Debug|Any CPU.ActiveCfg = Debug|Any CPU
		{0C2E5CED-8EEB-46A1-A627-1A23C474BA9B}.Debug|Any CPU.Build.0 = Debug|Any CPU
		{0C2E5CED-8EEB-46A1-A627-1A23C474BA9B}.Debug|x86.ActiveCfg = Debug|Any CPU
		{0C2E5CED-8EEB-46A1-A627-1A23C474BA9B}.Debug|x86.Build.0 = Debug|Any CPU
		{0C2E5CED-8EEB-46A1-A627-1A23C474BA9B}.Release|Any CPU.ActiveCfg = Release|Any CPU
		{0C2E5CED-8EEB-46A1-A627-1A23C474BA9B}.Release|Any CPU.Build.0 = Release|Any CPU
		{0C2E5CED-8EEB-46A1-A627-1A23C474BA9B}.Release|x86.ActiveCfg = Release|Any CPU
		{0C2E5CED-8EEB-46A1-A627-1A23C474BA9B}.Release|x86.Build.0 = Release|Any CPU
		{8F253378-0F44-4428-BD40-1624BB297136}.Debug|Any CPU.ActiveCfg = Debug|Any CPU
		{8F253378-0F44-4428-BD40-1624BB297136}.Debug|Any CPU.Build.0 = Debug|Any CPU
		{8F253378-0F44-4428-BD40-1624BB297136}.Debug|x86.ActiveCfg = Debug|x86
		{8F253378-0F44-4428-BD40-1624BB297136}.Debug|x86.Build.0 = Debug|x86
		{8F253378-0F44-4428-BD40-1624BB297136}.Release|Any CPU.ActiveCfg = Release|Any CPU
		{8F253378-0F44-4428-BD40-1624BB297136}.Release|Any CPU.Build.0 = Release|Any CPU
		{8F253378-0F44-4428-BD40-1624BB297136}.Release|x86.ActiveCfg = Release|x86
		{8F253378-0F44-4428-BD40-1624BB297136}.Release|x86.Build.0 = Release|x86
		{9E6C03A3-84D5-48B4-ACA7-6DF17E0E46FA}.Debug|Any CPU.ActiveCfg = Debug|Any CPU
		{9E6C03A3-84D5-48B4-ACA7-6DF17E0E46FA}.Debug|Any CPU.Build.0 = Debug|Any CPU
		{9E6C03A3-84D5-48B4-ACA7-6DF17E0E46FA}.Debug|x86.ActiveCfg = Debug|Any CPU
		{9E6C03A3-84D5-48B4-ACA7-6DF17E0E46FA}.Debug|x86.Build.0 = Debug|Any CPU
		{9E6C03A3-84D5-48B4-ACA7-6DF17E0E46FA}.Release|Any CPU.ActiveCfg = Release|Any CPU
		{9E6C03A3-84D5-48B4-ACA7-6DF17E0E46FA}.Release|Any CPU.Build.0 = Release|Any CPU
		{9E6C03A3-84D5-48B4-ACA7-6DF17E0E46FA}.Release|x86.ActiveCfg = Release|Any CPU
		{9E6C03A3-84D5-48B4-ACA7-6DF17E0E46FA}.Release|x86.Build.0 = Release|Any CPU
	EndGlobalSection
	GlobalSection(SolutionProperties) = preSolution
		HideSolutionNode = FALSE
	EndGlobalSection
	GlobalSection(NestedProjects) = preSolution
		{F1B3A881-A57D-44D6-9658-04416ABF43D4} = {C73BA599-0EAE-48F9-9B32-3DE0F958551D}
		{8F253378-0F44-4428-BD40-1624BB297136} = {30DC2E0F-AAD7-4123-873B-F6FA3D3EBE46}
		{9E6C03A3-84D5-48B4-ACA7-6DF17E0E46FA} = {C73BA599-0EAE-48F9-9B32-3DE0F958551D}
	EndGlobalSection
	GlobalSection(ExtensibilityGlobals) = postSolution
		SolutionGuid = {6F772A84-4DBB-4FA7-9D45-117A373C1DE1}
	EndGlobalSection
EndGlobal
